
Microsoft Visual Studio Solution File, Format Version 12.00
# Visual Studio Version 17
VisualStudioVersion = 17.5.33530.505
MinimumVisualStudioVersion = 10.0.40219.1
Project("{FAE04EC0-301F-11D3-BF4B-00C04F79EFBC}") = "DemoTestApp", "DemoTestApp.csproj", "{985497C0-BA84-4F8D-A726-FAE9DC683566}"
EndProject
Global
	GlobalSection(SolutionConfigurationPlatforms) = preSolution
		Debug|Any CPU = Debug|Any CPU
		Release|Any CPU = Release|Any CPU
	EndGlobalSection
	GlobalSection(ProjectConfigurationPlatforms) = postSolution
		{985497C0-BA84-4F8D-A726-FAE9DC683566}.Debug|Any CPU.ActiveCfg = Debug|Any CPU
		{985497C0-BA84-4F8D-A726-FAE9DC683566}.Debug|Any CPU.Build.0 = Debug|Any CPU
		{985497C0-BA84-4F8D-A726-FAE9DC683566}.Release|Any CPU.ActiveCfg = Release|Any CPU
		{985497C0-BA84-4F8D-A726-FAE9DC683566}.Release|Any CPU.Build.0 = Release|Any CPU
	EndGlobalSection
	GlobalSection(SolutionProperties) = preSolution
		HideSolutionNode = FALSE
	EndGlobalSection
	GlobalSection(ExtensibilityGlobals) = postSolution
		SolutionGuid = {F30BA3CA-3446-47A4-9845-B09D4E33BD05}
	EndGlobalSection
EndGlobal
